{
  "nodes": {
    "agenix": {
      "inputs": {
        "darwin": [],
        "home-manager": [
          "home-manager"
        ],
        "nixpkgs": [
          "nixpkgs"
        ],
        "systems": "systems"
      },
      "locked": {
        "lastModified": 1722339003,
        "narHash": "sha256-ZeS51uJI30ehNkcZ4uKqT4ZDARPyqrHADSKAwv5vVCU=",
        "owner": "ryantm",
        "repo": "agenix",
        "rev": "3f1dae074a12feb7327b4bf43cbac0d124488bb7",
        "type": "github"
      },
      "original": {
        "owner": "ryantm",
        "repo": "agenix",
        "type": "github"
      }
    },
    "base16-shell": {
      "flake": false,
      "locked": {
        "lastModified": 1663053609,
        "narHash": "sha256-X89FsG9QICDw3jZvOCB/KsPBVOLUeE7xN3VCtf0DD3E=",
        "owner": "chriskempson",
        "repo": "base16-shell",
        "rev": "588691ba71b47e75793ed9edfcfaa058326a6f41",
        "type": "github"
      },
      "original": {
        "owner": "chriskempson",
        "ref": "master",
        "repo": "base16-shell",
        "type": "github"
      }
    },
    "deploy-rs": {
      "inputs": {
        "flake-compat": "flake-compat",
        "nixpkgs": [
          "nixpkgs"
        ],
        "utils": "utils"
      },
      "locked": {
        "lastModified": 1718194053,
        "narHash": "sha256-FaGrf7qwZ99ehPJCAwgvNY5sLCqQ3GDiE/6uLhxxwSY=",
        "owner": "serokell",
        "repo": "deploy-rs",
        "rev": "3867348fa92bc892eba5d9ddb2d7a97b9e127a8a",
        "type": "github"
      },
      "original": {
        "owner": "serokell",
        "repo": "deploy-rs",
        "type": "github"
      }
    },
    "devshell": {
      "inputs": {
        "flake-utils": "flake-utils",
        "nixpkgs": [
          "nixvim",
          "nixvim",
          "nixpkgs"
        ]
      },
      "locked": {
        "lastModified": 1717408969,
        "narHash": "sha256-Q0OEFqe35fZbbRPPRdrjTUUChKVhhWXz3T9ZSKmaoVY=",
        "owner": "numtide",
        "repo": "devshell",
        "rev": "1ebbe68d57457c8cae98145410b164b5477761f4",
        "type": "github"
      },
      "original": {
        "owner": "numtide",
        "repo": "devshell",
        "type": "github"
      }
    },
    "flake-compat": {
      "flake": false,
      "locked": {
        "lastModified": 1696426674,
        "narHash": "sha256-kvjfFW7WAETZlt09AgDn1MrtKzP7t90Vf7vypd3OL1U=",
        "owner": "edolstra",
        "repo": "flake-compat",
        "rev": "0f9255e01c2351cc7d116c072cb317785dd33b33",
        "type": "github"
      },
      "original": {
        "owner": "edolstra",
        "repo": "flake-compat",
        "type": "github"
      }
    },
    "flake-compat_2": {
      "locked": {
        "lastModified": 1696426674,
        "narHash": "sha256-kvjfFW7WAETZlt09AgDn1MrtKzP7t90Vf7vypd3OL1U=",
        "rev": "0f9255e01c2351cc7d116c072cb317785dd33b33",
        "revCount": 57,
        "type": "tarball",
        "url": "https://api.flakehub.com/f/pinned/edolstra/flake-compat/1.0.1/018afb31-abd1-7bff-a5e4-cff7e18efb7a/source.tar.gz"
      },
      "original": {
        "type": "tarball",
        "url": "https://flakehub.com/f/edolstra/flake-compat/1.tar.gz"
      }
    },
    "flake-compat_3": {
      "flake": false,
      "locked": {
        "lastModified": 1650374568,
        "narHash": "sha256-Z+s0J8/r907g149rllvwhb4pKi8Wam5ij0st8PwAh+E=",
        "owner": "edolstra",
        "repo": "flake-compat",
        "rev": "b4a34015c698c7793d592d66adbab377907a2be8",
        "type": "github"
      },
      "original": {
        "owner": "edolstra",
        "repo": "flake-compat",
        "type": "github"
      }
    },
    "flake-parts": {
      "inputs": {
        "nixpkgs-lib": "nixpkgs-lib"
      },
      "locked": {
        "lastModified": 1719994518,
        "narHash": "sha256-pQMhCCHyQGRzdfAkdJ4cIWiw+JNuWsTX7f0ZYSyz0VY=",
        "owner": "hercules-ci",
        "repo": "flake-parts",
        "rev": "9227223f6d922fee3c7b190b2cc238a99527bbb7",
        "type": "github"
      },
      "original": {
        "owner": "hercules-ci",
        "repo": "flake-parts",
        "type": "github"
      }
    },
    "flake-parts_2": {
      "inputs": {
        "nixpkgs-lib": [
          "nixvim",
          "nixvim",
          "nixpkgs"
        ]
      },
      "locked": {
        "lastModified": 1719877454,
        "narHash": "sha256-g5N1yyOSsPNiOlFfkuI/wcUjmtah+nxdImJqrSATjOU=",
        "owner": "hercules-ci",
        "repo": "flake-parts",
        "rev": "4e3583423212f9303aa1a6337f8dffb415920e4f",
        "type": "github"
      },
      "original": {
        "owner": "hercules-ci",
        "repo": "flake-parts",
        "type": "github"
      }
    },
    "flake-utils": {
      "inputs": {
        "systems": "systems_3"
      },
      "locked": {
        "lastModified": 1701680307,
        "narHash": "sha256-kAuep2h5ajznlPMD9rnQyffWG8EM/C73lejGofXvdM8=",
        "owner": "numtide",
        "repo": "flake-utils",
        "rev": "4022d587cbbfd70fe950c1e2083a02621806a725",
        "type": "github"
      },
      "original": {
        "owner": "numtide",
        "repo": "flake-utils",
        "type": "github"
      }
    },
    "flake-utils-plus": {
      "inputs": {
        "flake-utils": "flake-utils_2"
      },
      "locked": {
        "lastModified": 1715533576,
        "narHash": "sha256-fT4ppWeCJ0uR300EH3i7kmgRZnAVxrH+XtK09jQWihk=",
        "owner": "gytis-ivaskevicius",
        "repo": "flake-utils-plus",
        "rev": "3542fe9126dc492e53ddd252bb0260fe035f2c0f",
        "type": "github"
      },
      "original": {
        "owner": "gytis-ivaskevicius",
        "repo": "flake-utils-plus",
        "rev": "3542fe9126dc492e53ddd252bb0260fe035f2c0f",
        "type": "github"
      }
    },
    "flake-utils_2": {
      "inputs": {
        "systems": "systems_4"
      },
      "locked": {
        "lastModified": 1694529238,
        "narHash": "sha256-zsNZZGTGnMOf9YpHKJqMSsa0dXbfmxeoJ7xHlrt+xmY=",
        "owner": "numtide",
        "repo": "flake-utils",
        "rev": "ff7b65b44d01cf9ba6a71320833626af21126384",
        "type": "github"
      },
      "original": {
        "owner": "numtide",
        "repo": "flake-utils",
        "type": "github"
      }
    },
    "git-hooks": {
      "inputs": {
        "flake-compat": [
          "nixvim",
          "nixvim",
          "flake-compat"
        ],
        "gitignore": "gitignore",
        "nixpkgs": [
          "nixvim",
          "nixvim",
          "nixpkgs"
        ],
        "nixpkgs-stable": [
          "nixvim",
          "nixvim",
          "nixpkgs"
        ]
      },
      "locked": {
        "lastModified": 1719259945,
        "narHash": "sha256-F1h+XIsGKT9TkGO3omxDLEb/9jOOsI6NnzsXFsZhry4=",
        "owner": "cachix",
        "repo": "git-hooks.nix",
        "rev": "0ff4381bbb8f7a52ca4a851660fc7a437a4c6e07",
        "type": "github"
      },
      "original": {
        "owner": "cachix",
        "repo": "git-hooks.nix",
        "type": "github"
      }
    },
    "gitignore": {
      "inputs": {
        "nixpkgs": [
          "nixvim",
          "nixvim",
          "git-hooks",
          "nixpkgs"
        ]
      },
      "locked": {
        "lastModified": 1709087332,
        "narHash": "sha256-HG2cCnktfHsKV0s4XW83gU3F57gaTljL9KNSuG6bnQs=",
        "owner": "hercules-ci",
        "repo": "gitignore.nix",
        "rev": "637db329424fd7e46cf4185293b9cc8c88c95394",
        "type": "github"
      },
      "original": {
        "owner": "hercules-ci",
        "repo": "gitignore.nix",
        "type": "github"
      }
    },
    "home-manager": {
      "inputs": {
        "nixpkgs": [
          "nixpkgs"
        ]
      },
      "locked": {
        "lastModified": 1722462338,
        "narHash": "sha256-ss0G8t8RJVDewA3MyqgAlV951cWRK6EtVhVKEZ7J5LU=",
        "owner": "nix-community",
        "repo": "home-manager",
        "rev": "6e090576c4824b16e8759ebca3958c5b09659ee8",
        "type": "github"
      },
      "original": {
        "owner": "nix-community",
        "ref": "master",
        "repo": "home-manager",
        "type": "github"
      }
    },
    "home-manager_2": {
      "inputs": {
        "nixpkgs": [
          "nixvim",
          "nixvim",
          "nixpkgs"
        ]
      },
      "locked": {
        "lastModified": 1719827439,
        "narHash": "sha256-tneHOIv1lEavZ0vQ+rgz67LPNCgOZVByYki3OkSshFU=",
        "owner": "nix-community",
        "repo": "home-manager",
        "rev": "59ce796b2563e19821361abbe2067c3bb4143a7d",
        "type": "github"
      },
      "original": {
        "owner": "nix-community",
        "repo": "home-manager",
        "type": "github"
      }
    },
    "nix-darwin": {
      "inputs": {
        "nixpkgs": [
          "nixvim",
          "nixvim",
          "nixpkgs"
        ]
      },
      "locked": {
        "lastModified": 1719845423,
        "narHash": "sha256-ZLHDmWAsHQQKnmfyhYSHJDlt8Wfjv6SQhl2qek42O7A=",
        "owner": "lnl7",
        "repo": "nix-darwin",
        "rev": "ec12b88104d6c117871fad55e931addac4626756",
        "type": "github"
      },
      "original": {
        "owner": "lnl7",
        "repo": "nix-darwin",
        "type": "github"
      }
    },
    "nixlib": {
      "locked": {
        "lastModified": 1722128034,
        "narHash": "sha256-L8rwzYPsLo/TYtydPJoQyYOfetuiyQYnTWYcyB8UE/s=",
        "owner": "nix-community",
        "repo": "nixpkgs.lib",
        "rev": "d15f6f6021693898fcd2c6a9bb13707383da9bbc",
        "type": "github"
      },
      "original": {
        "owner": "nix-community",
        "repo": "nixpkgs.lib",
        "type": "github"
      }
    },
    "nixos-generators": {
      "inputs": {
        "nixlib": "nixlib",
        "nixpkgs": [
          "nixpkgs"
        ]
      },
      "locked": {
        "lastModified": 1722214420,
        "narHash": "sha256-qfHC1p5hcErGcE672/KhBkyWYloekQpqIxtcbcUVYkA=",
        "owner": "nix-community",
        "repo": "nixos-generators",
        "rev": "75cbb2a5e19c18840d105a72d036c6c92fc46c5d",
        "type": "github"
      },
      "original": {
        "owner": "nix-community",
        "repo": "nixos-generators",
        "type": "github"
      }
    },
    "nixos-hardware": {
      "locked": {
        "lastModified": 1722332872,
        "narHash": "sha256-2xLM4sc5QBfi0U/AANJAW21Bj4ZX479MHPMPkB+eKBU=",
        "owner": "NixOS",
        "repo": "nixos-hardware",
        "rev": "14c333162ba53c02853add87a0000cbd7aa230c2",
        "type": "github"
      },
      "original": {
        "owner": "NixOS",
        "ref": "master",
        "repo": "nixos-hardware",
        "type": "github"
      }
    },
    "nixpkgs": {
      "locked": {
        "lastModified": 1722185531,
        "narHash": "sha256-veKR07psFoJjINLC8RK4DiLniGGMgF3QMlS4tb74S6k=",
        "owner": "NixOS",
        "repo": "nixpkgs",
        "rev": "52ec9ac3b12395ad677e8b62106f0b98c1f8569d",
        "type": "github"
      },
      "original": {
        "owner": "NixOS",
        "ref": "nixos-unstable",
        "repo": "nixpkgs",
        "type": "github"
      }
    },
    "nixpkgs-lib": {
      "locked": {
        "lastModified": 1719876945,
        "narHash": "sha256-Fm2rDDs86sHy0/1jxTOKB1118Q0O3Uc7EC0iXvXKpbI=",
        "type": "tarball",
        "url": "https://github.com/NixOS/nixpkgs/archive/5daf0514482af3f97abaefc78a6606365c9108e2.tar.gz"
      },
      "original": {
        "type": "tarball",
        "url": "https://github.com/NixOS/nixpkgs/archive/5daf0514482af3f97abaefc78a6606365c9108e2.tar.gz"
      }
    },
    "nixpkgs_2": {
      "locked": {
        "lastModified": 1719848872,
        "narHash": "sha256-H3+EC5cYuq+gQW8y0lSrrDZfH71LB4DAf+TDFyvwCNA=",
        "owner": "NixOS",
        "repo": "nixpkgs",
        "rev": "00d80d13810dbfea8ab4ed1009b09100cca86ba8",
        "type": "github"
      },
      "original": {
        "owner": "NixOS",
        "ref": "nixos-unstable",
        "repo": "nixpkgs",
        "type": "github"
      }
    },
    "nixvim": {
      "inputs": {
        "flake-parts": "flake-parts",
        "nixpkgs": [
          "nixpkgs"
        ],
        "nixvim": "nixvim_2"
      },
      "locked": {
        "lastModified": 1722094502,
        "narHash": "sha256-Qg4HdgCGF66P15bym123RMw7Qc0e8VVsZFMLiAepT0o=",
        "owner": "alejandro-angulo",
        "repo": "nixvim-config",
        "rev": "f940c33a98974f6e83246624af9579acc9577e33",
        "type": "github"
      },
      "original": {
        "owner": "alejandro-angulo",
        "repo": "nixvim-config",
        "type": "github"
      }
    },
    "nixvim_2": {
      "inputs": {
        "devshell": "devshell",
        "flake-compat": "flake-compat_2",
        "flake-parts": "flake-parts_2",
        "git-hooks": "git-hooks",
        "home-manager": "home-manager_2",
        "nix-darwin": "nix-darwin",
        "nixpkgs": "nixpkgs_2",
        "treefmt-nix": "treefmt-nix"
      },
      "locked": {
        "lastModified": 1720898451,
        "narHash": "sha256-T7JAUYx7WZrEEItqRb9Bh6rj0Njffir4XHJUNwhQMiY=",
        "owner": "nix-community",
        "repo": "nixvim",
        "rev": "06a44e9e8814ab13ea013e222637a497a50e96e4",
        "type": "github"
      },
      "original": {
        "owner": "nix-community",
        "repo": "nixvim",
        "type": "github"
      }
    },
    "powerlevel10k": {
      "flake": false,
      "locked": {
        "lastModified": 1719815653,
        "narHash": "sha256-jzLWxLLBB1MZZKJgt5R4oueuQIiqCDKRp+W+PXALHRs=",
        "owner": "romkatv",
        "repo": "powerlevel10k",
        "rev": "2b7da93df04acd04d84f5de827e5b14077839a4b",
        "type": "github"
      },
      "original": {
        "owner": "romkatv",
        "ref": "master",
        "repo": "powerlevel10k",
        "type": "github"
      }
    },
    "root": {
      "inputs": {
        "agenix": "agenix",
        "base16-shell": "base16-shell",
        "deploy-rs": "deploy-rs",
        "home-manager": "home-manager",
        "nixos-generators": "nixos-generators",
        "nixos-hardware": "nixos-hardware",
        "nixpkgs": "nixpkgs",
        "nixvim": "nixvim",
        "powerlevel10k": "powerlevel10k",
        "snowfall-lib": "snowfall-lib",
        "tmux-nerd-font-window-name": "tmux-nerd-font-window-name",
        "zsh-syntax-highlighting": "zsh-syntax-highlighting"
      }
    },
    "snowfall-lib": {
      "inputs": {
        "flake-compat": "flake-compat_3",
        "flake-utils-plus": "flake-utils-plus",
        "nixpkgs": [
          "nixpkgs"
        ]
      },
      "locked": {
        "lastModified": 1719005984,
        "narHash": "sha256-mpFl3Jv4fKnn+5znYXG6SsBjfXHJdRG5FEqNSPx0GLA=",
        "owner": "snowfallorg",
        "repo": "lib",
        "rev": "c6238c83de101729c5de3a29586ba166a9a65622",
        "type": "github"
      },
      "original": {
        "owner": "snowfallorg",
        "repo": "lib",
        "type": "github"
      }
    },
    "systems": {
      "locked": {
        "lastModified": 1681028828,
        "narHash": "sha256-Vy1rq5AaRuLzOxct8nz4T6wlgyUR7zLU309k9mBC768=",
        "owner": "nix-systems",
        "repo": "default",
        "rev": "da67096a3b9bf56a91d16901293e51ba5b49a27e",
        "type": "github"
      },
      "original": {
        "owner": "nix-systems",
        "repo": "default",
        "type": "github"
      }
    },
    "systems_2": {
      "locked": {
        "lastModified": 1681028828,
        "narHash": "sha256-Vy1rq5AaRuLzOxct8nz4T6wlgyUR7zLU309k9mBC768=",
        "owner": "nix-systems",
        "repo": "default",
        "rev": "da67096a3b9bf56a91d16901293e51ba5b49a27e",
        "type": "github"
      },
      "original": {
        "owner": "nix-systems",
        "repo": "default",
        "type": "github"
      }
    },
    "systems_3": {
      "locked": {
        "lastModified": 1681028828,
        "narHash": "sha256-Vy1rq5AaRuLzOxct8nz4T6wlgyUR7zLU309k9mBC768=",
        "owner": "nix-systems",
        "repo": "default",
        "rev": "da67096a3b9bf56a91d16901293e51ba5b49a27e",
        "type": "github"
      },
      "original": {
        "owner": "nix-systems",
        "repo": "default",
        "type": "github"
      }
    },
    "systems_4": {
      "locked": {
        "lastModified": 1681028828,
        "narHash": "sha256-Vy1rq5AaRuLzOxct8nz4T6wlgyUR7zLU309k9mBC768=",
        "owner": "nix-systems",
        "repo": "default",
        "rev": "da67096a3b9bf56a91d16901293e51ba5b49a27e",
        "type": "github"
      },
      "original": {
        "owner": "nix-systems",
        "repo": "default",
        "type": "github"
      }
    },
    "tmux-nerd-font-window-name": {
      "flake": false,
      "locked": {
        "lastModified": 1711462967,
        "narHash": "sha256-5BvzuxrYm/qbfbXLBDzZhJUae0JwNqf96otp/m1l26s=",
        "owner": "joshmedeski",
        "repo": "tmux-nerd-font-window-name",
        "rev": "bc43f25e67ed2d87cb04e27983851da359d79df5",
        "type": "github"
      },
      "original": {
        "owner": "joshmedeski",
        "repo": "tmux-nerd-font-window-name",
        "type": "github"
      }
    },
    "treefmt-nix": {
      "inputs": {
        "nixpkgs": [
          "nixvim",
          "nixvim",
          "nixpkgs"
        ]
      },
      "locked": {
        "lastModified": 1719887753,
        "narHash": "sha256-p0B2r98UtZzRDM5miGRafL4h7TwGRC4DII+XXHDHqek=",
        "owner": "numtide",
        "repo": "treefmt-nix",
        "rev": "bdb6355009562d8f9313d9460c0d3860f525bc6c",
        "type": "github"
      },
      "original": {
        "owner": "numtide",
        "repo": "treefmt-nix",
        "type": "github"
      }
    },
    "utils": {
      "inputs": {
        "systems": "systems_2"
      },
      "locked": {
        "lastModified": 1701680307,
        "narHash": "sha256-kAuep2h5ajznlPMD9rnQyffWG8EM/C73lejGofXvdM8=",
        "owner": "numtide",
        "repo": "flake-utils",
        "rev": "4022d587cbbfd70fe950c1e2083a02621806a725",
        "type": "github"
      },
      "original": {
        "owner": "numtide",
        "repo": "flake-utils",
        "type": "github"
      }
    },
    "zsh-syntax-highlighting": {
      "flake": false,
      "locked": {
        "lastModified": 1704566212,
        "narHash": "sha256-4rW2N+ankAH4sA6Sa5mr9IKsdAg7WTgrmyqJ2V1vygQ=",
        "owner": "zsh-users",
        "repo": "zsh-syntax-highlighting",
        "rev": "e0165eaa730dd0fa321a6a6de74f092fe87630b0",
        "type": "github"
      },
      "original": {
        "owner": "zsh-users",
        "ref": "master",
        "repo": "zsh-syntax-highlighting",
        "type": "github"
      }
    }
  },
  "root": "root",
  "version": 7
}
